// !$*UTF8*$!
{
	archiveVersion = 1;
	classes = {
	};
	objectVersion = 77;
	objects = {

/* Begin PBXContainerItemProxy section */
		06E4E0F52E65C28800411562 /* PBXContainerItemProxy */ = {
			isa = PBXContainerItemProxy;
			containerPortal = 06E4E0DF2E65C28500411562 /* Project object */;
			proxyType = 1;
			remoteGlobalIDString = 06E4E0E62E65C28500411562;
			remoteInfo = symptomemo;
		};
		06E4E0FF2E65C28800411562 /* PBXContainerItemProxy */ = {
			isa = PBXContainerItemProxy;
			containerPortal = 06E4E0DF2E65C28500411562 /* Project object */;
			proxyType = 1;
			remoteGlobalIDString = 06E4E0E62E65C28500411562;
			remoteInfo = symptomemo;
		};
/* End PBXContainerItemProxy section */

/* Begin PBXFileReference section */
		06E4E0E72E65C28500411562 /* symptomemo.app */ = {isa = PBXFileReference; explicitFileType = wrapper.application; includeInIndex = 0; path = symptomemo.app; sourceTree = BUILT_PRODUCTS_DIR; };
		06E4E0F42E65C28800411562 /* symptomemoTests.xctest */ = {isa = PBXFileReference; explicitFileType = wrapper.cfbundle; includeInIndex = 0; path = symptomemoTests.xctest; sourceTree = BUILT_PRODUCTS_DIR; };
		06E4E0FE2E65C28800411562 /* symptomemoUITests.xctest */ = {isa = PBXFileReference; explicitFileType = wrapper.cfbundle; includeInIndex = 0; path = symptomemoUITests.xctest; sourceTree = BUILT_PRODUCTS_DIR; };
/* End PBXFileReference section */

/* Begin PBXFileSystemSynchronizedRootGroup section */
		06E4E0E92E65C28500411562 /* symptomemo */ = {
			isa = PBXFileSystemSynchronizedRootGroup;
			path = symptomemo;
			sourceTree = "<group>";
		};
		06E4E0F72E65C28800411562 /* symptomemoTests */ = {
			isa = PBXFileSystemSynchronizedRootGroup;
			path = symptomemoTests;
			sourceTree = "<group>";
		};
		06E4E1012E65C28800411562 /* symptomemoUITests */ = {
			isa = PBXFileSystemSynchronizedRootGroup;
			path = symptomemoUITests;
			sourceTree = "<group>";
		};
/* End PBXFileSystemSynchronizedRootGroup section */

/* Begin PBXFrameworksBuildPhase section */
		06E4E0E42E65C28500411562 /* Frameworks */ = {
			isa = PBXFrameworksBuildPhase;
			buildActionMask = 2147483647;
			files = (
			);
			runOnlyForDeploymentPostprocessing = 0;
		};
		06E4E0F12E65C28800411562 /* Frameworks */ = {
			isa = PBXFrameworksBuildPhase;
			buildActionMask = 2147483647;
			files = (
			);
			runOnlyForDeploymentPostprocessing = 0;
		};
		06E4E0FB2E65C28800411562 /* Frameworks */ = {
			isa = PBXFrameworksBuildPhase;
			buildActionMask = 2147483647;
			files = (
			);
			runOnlyForDeploymentPostprocessing = 0;
		};
/* End PBXFrameworksBuildPhase section */

/* Begin PBXGroup section */
		06E4E0DE2E65C28500411562 = {
			isa = PBXGroup;
			children = (
				06E4E0E92E65C28500411562 /* symptomemo */,
				06E4E0F72E65C28800411562 /* symptomemoTests */,
				06E4E1012E65C28800411562 /* symptomemoUITests */,
				06E4E0E82E65C28500411562 /* Products */,
			);
			sourceTree = "<group>";
		};
		06E4E0E82E65C28500411562 /* Products */ = {
			isa = PBXGroup;
			children = (
				06E4E0E72E65C28500411562 /* symptomemo.app */,
				06E4E0F42E65C28800411562 /* symptomemoTests.xctest */,
				06E4E0FE2E65C28800411562 /* symptomemoUITests.xctest */,
			);
			name = Products;
			sourceTree = "<group>";
		};
/* End PBXGroup section */

/* Begin PBXNativeTarget section */
		06E4E0E62E65C28500411562 /* symptomemo */ = {
			isa = PBXNativeTarget;
			buildConfigurationList = 06E4E1082E65C28800411562 /* Build configuration list for PBXNativeTarget "symptomemo" */;
			buildPhases = (
				06E4E0E32E65C28500411562 /* Sources */,
				06E4E0E42E65C28500411562 /* Frameworks */,
				06E4E0E52E65C28500411562 /* Resources */,
			);
			buildRules = (
			);
			dependencies = (
			);
			fileSystemSynchronizedGroups = (
				06E4E0E92E65C28500411562 /* symptomemo */,
			);
			name = symptomemo;
			packageProductDependencies = (
			);
			productName = symptomemo;
			productReference = 06E4E0E72E65C28500411562 /* symptomemo.app */;
			productType = "com.apple.product-type.application";
		};
		06E4E0F32E65C28800411562 /* symptomemoTests */ = {
			isa = PBXNativeTarget;
			buildConfigurationList = 06E4E10B2E65C28800411562 /* Build configuration list for PBXNativeTarget "symptomemoTests" */;
			buildPhases = (
				06E4E0F02E65C28800411562 /* Sources */,
				06E4E0F12E65C28800411562 /* Frameworks */,
				06E4E0F22E65C28800411562 /* Resources */,
			);
			buildRules = (
			);
			dependencies = (
				06E4E0F62E65C28800411562 /* PBXTargetDependency */,
			);
			fileSystemSynchronizedGroups = (
				06E4E0F72E65C28800411562 /* symptomemoTests */,
			);
			name = symptomemoTests;
			packageProductDependencies = (
			);
			productName = symptomemoTests;
			productReference = 06E4E0F42E65C28800411562 /* symptomemoTests.xctest */;
			productType = "com.apple.product-type.bundle.unit-test";
		};
		06E4E0FD2E65C28800411562 /* symptomemoUITests */ = {
			isa = PBXNativeTarget;
			buildConfigurationList = 06E4E10E2E65C28800411562 /* Build configuration list for PBXNativeTarget "symptomemoUITests" */;
			buildPhases = (
				06E4E0FA2E65C28800411562 /* Sources */,
				06E4E0FB2E65C28800411562 /* Frameworks */,
				06E4E0FC2E65C28800411562 /* Resources */,
			);
			buildRules = (
			);
			dependencies = (
				06E4E1002E65C28800411562 /* PBXTargetDependency */,
			);
			fileSystemSynchronizedGroups = (
				06E4E1012E65C28800411562 /* symptomemoUITests */,
			);
			name = symptomemoUITests;
			packageProductDependencies = (
			);
			productName = symptomemoUITests;
			productReference = 06E4E0FE2E65C28800411562 /* symptomemoUITests.xctest */;
			productType = "com.apple.product-type.bundle.ui-testing";
		};
/* End PBXNativeTarget section */

/* Begin PBXProject section */
		06E4E0DF2E65C28500411562 /* Project object */ = {
			isa = PBXProject;
			attributes = {
				BuildIndependentTargetsInParallel = 1;
				LastSwiftUpdateCheck = 1640;
				LastUpgradeCheck = 1640;
				TargetAttributes = {
					06E4E0E62E65C28500411562 = {
						CreatedOnToolsVersion = 16.4;
					};
					06E4E0F32E65C28800411562 = {
						CreatedOnToolsVersion = 16.4;
						TestTargetID = 06E4E0E62E65C28500411562;
					};
					06E4E0FD2E65C28800411562 = {
						CreatedOnToolsVersion = 16.4;
						TestTargetID = 06E4E0E62E65C28500411562;
					};
				};
			};
			buildConfigurationList = 06E4E0E22E65C28500411562 /* Build configuration list for PBXProject "symptomemo" */;
			developmentRegion = ja;
			hasScannedForEncodings = 0;
			knownRegions = (
				en,
				Base,
				ja,
			);
			mainGroup = 06E4E0DE2E65C28500411562;
			minimizedProjectReferenceProxies = 1;
			preferredProjectObjectVersion = 77;
			productRefGroup = 06E4E0E82E65C28500411562 /* Products */;
			projectDirPath = "";
			projectRoot = "";
			targets = (
				06E4E0E62E65C28500411562 /* symptomemo */,
				06E4E0F32E65C28800411562 /* symptomemoTests */,
				06E4E0FD2E65C28800411562 /* symptomemoUITests */,
			);
		};
/* End PBXProject section */

/* Begin PBXResourcesBuildPhase section */
		06E4E0E52E65C28500411562 /* Resources */ = {
			isa = PBXResourcesBuildPhase;
			buildActionMask = 2147483647;
			files = (
			);
			runOnlyForDeploymentPostprocessing = 0;
		};
		06E4E0F22E65C28800411562 /* Resources */ = {
			isa = PBXResourcesBuildPhase;
			buildActionMask = 2147483647;
			files = (
			);
			runOnlyForDeploymentPostprocessing = 0;
		};
		06E4E0FC2E65C28800411562 /* Resources */ = {
			isa = PBXResourcesBuildPhase;
			buildActionMask = 2147483647;
			files = (
			);
			runOnlyForDeploymentPostprocessing = 0;
		};
/* End PBXResourcesBuildPhase section */

/* Begin PBXSourcesBuildPhase section */
		06E4E0E32E65C28500411562 /* Sources */ = {
			isa = PBXSourcesBuildPhase;
			buildActionMask = 2147483647;
			files = (
			);
			runOnlyForDeploymentPostprocessing = 0;
		};
		06E4E0F02E65C28800411562 /* Sources */ = {
			isa = PBXSourcesBuildPhase;
			buildActionMask = 2147483647;
			files = (
			);
			runOnlyForDeploymentPostprocessing = 0;
		};
		06E4E0FA2E65C28800411562 /* Sources */ = {
			isa = PBXSourcesBuildPhase;
			buildActionMask = 2147483647;
			files = (
			);
			runOnlyForDeploymentPostprocessing = 0;
		};
/* End PBXSourcesBuildPhase section */

/* Begin PBXTargetDependency section */
		06E4E0F62E65C28800411562 /* PBXTargetDependency */ = {
			isa = PBXTargetDependency;
			target = 06E4E0E62E65C28500411562 /* symptomemo */;
			targetProxy = 06E4E0F52E65C28800411562 /* PBXContainerItemProxy */;
		};
		06E4E1002E65C28800411562 /* PBXTargetDependency */ = {
			isa = PBXTargetDependency;
			target = 06E4E0E62E65C28500411562 /* symptomemo */;
			targetProxy = 06E4E0FF2E65C28800411562 /* PBXContainerItemProxy */;
		};
/* End PBXTargetDependency section */

/* Begin XCBuildConfiguration section */
		06E4E1062E65C28800411562 /* Debug */ = {
			isa = XCBuildConfiguration;
			buildSettings = {
				ALWAYS_SEARCH_USER_PATHS = NO;
				ASSETCATALOG_COMPILER_GENERATE_SWIFT_ASSET_SYMBOL_EXTENSIONS = YES;
				CLANG_ANALYZER_NONNULL = YES;
				CLANG_ANALYZER_NUMBER_OBJECT_CONVERSION = YES_AGGRESSIVE;
				CLANG_CXX_LANGUAGE_STANDARD = "gnu++20";
				CLANG_ENABLE_MODULES = YES;
				CLANG_ENABLE_OBJC_ARC = YES;
				CLANG_ENABLE_OBJC_WEAK = YES;
				CLANG_WARN_BLOCK_CAPTURE_AUTORELEASING = YES;
				CLANG_WARN_BOOL_CONVERSION = YES;
				CLANG_WARN_COMMA = YES;
				CLANG_WARN_CONSTANT_CONVERSION = YES;
				CLANG_WARN_DEPRECATED_OBJC_IMPLEMENTATIONS = YES;
				CLANG_WARN_DIRECT_OBJC_ISA_USAGE = YES_ERROR;
				CLANG_WARN_DOCUMENTATION_COMMENTS = YES;
				CLANG_WARN_EMPTY_BODY = YES;
				CLANG_WARN_ENUM_CONVERSION = YES;
				CLANG_WARN_INFINITE_RECURSION = YES;
				CLANG_WARN_INT_CONVERSION = YES;
				CLANG_WARN_NON_LITERAL_NULL_CONVERSION = YES;
				CLANG_WARN_OBJC_IMPLICIT_RETAIN_SELF = YES;
				CLANG_WARN_OBJC_LITERAL_CONVERSION = YES;
				CLANG_WARN_OBJC_ROOT_CLASS = YES_ERROR;
				CLANG_WARN_QUOTED_INCLUDE_IN_FRAMEWORK_HEADER = YES;
				CLANG_WARN_RANGE_LOOP_ANALYSIS = YES;
				CLANG_WARN_STRICT_PROTOTYPES = YES;
				CLANG_WARN_SUSPICIOUS_MOVE = YES;
				CLANG_WARN_UNGUARDED_AVAILABILITY = YES_AGGRESSIVE;
				CLANG_WARN_UNREACHABLE_CODE = YES;
				CLANG_WARN__DUPLICATE_METHOD_MATCH = YES;
				COPY_PHASE_STRIP = NO;
				DEBUG_INFORMATION_FORMAT = dwarf;
				ENABLE_STRICT_OBJC_MSGSEND = YES;
				ENABLE_TESTABILITY = YES;
				ENABLE_USER_SCRIPT_SANDBOXING = YES;
				GCC_C_LANGUAGE_STANDARD = gnu17;
				GCC_DYNAMIC_NO_PIC = NO;
				GCC_NO_COMMON_BLOCKS = YES;
				GCC_OPTIMIZATION_LEVEL = 0;
				GCC_PREPROCESSOR_DEFINITIONS = (
					"DEBUG=1",
					"$(inherited)",
				);
				GCC_WARN_64_TO_32_BIT_CONVERSION = YES;
				GCC_WARN_ABOUT_RETURN_TYPE = YES_ERROR;
				GCC_WARN_UNDECLARED_SELECTOR = YES;
				GCC_WARN_UNINITIALIZED_AUTOS = YES_AGGRESSIVE;
				GCC_WARN_UNUSED_FUNCTION = YES;
				GCC_WARN_UNUSED_VARIABLE = YES;
				IPHONEOS_DEPLOYMENT_TARGET = 18.5;
				LOCALIZATION_PREFERS_STRING_CATALOGS = YES;
				MTL_ENABLE_DEBUG_INFO = INCLUDE_SOURCE;
				MTL_FAST_MATH = YES;
				ONLY_ACTIVE_ARCH = YES;
				SDKROOT = iphoneos;
				SWIFT_ACTIVE_COMPILATION_CONDITIONS = "DEBUG $(inherited)";
				SWIFT_OPTIMIZATION_LEVEL = "-Onone";
			};
			name = Debug;
		};
		06E4E1072E65C28800411562 /* Release */ = {
			isa = XCBuildConfiguration;
			buildSettings = {
				ALWAYS_SEARCH_USER_PATHS = NO;
				ASSETCATALOG_COMPILER_GENERATE_SWIFT_ASSET_SYMBOL_EXTENSIONS = YES;
				CLANG_ANALYZER_NONNULL = YES;
				CLANG_ANALYZER_NUMBER_OBJECT_CONVERSION = YES_AGGRESSIVE;
				CLANG_CXX_LANGUAGE_STANDARD = "gnu++20";
				CLANG_ENABLE_MODULES = YES;
				CLANG_ENABLE_OBJC_ARC = YES;
				CLANG_ENABLE_OBJC_WEAK = YES;
				CLANG_WARN_BLOCK_CAPTURE_AUTORELEASING = YES;
				CLANG_WARN_BOOL_CONVERSION = YES;
				CLANG_WARN_COMMA = YES;
				CLANG_WARN_CONSTANT_CONVERSION = YES;
				CLANG_WARN_DEPRECATED_OBJC_IMPLEMENTATIONS = YES;
				CLANG_WARN_DIRECT_OBJC_ISA_USAGE = YES_ERROR;
				CLANG_WARN_DOCUMENTATION_COMMENTS = YES;
				CLANG_WARN_EMPTY_BODY = YES;
				CLANG_WARN_ENUM_CONVERSION = YES;
				CLANG_WARN_INFINITE_RECURSION = YES;
				CLANG_WARN_INT_CONVERSION = YES;
				CLANG_WARN_NON_LITERAL_NULL_CONVERSION = YES;
				CLANG_WARN_OBJC_IMPLICIT_RETAIN_SELF = YES;
				CLANG_WARN_OBJC_LITERAL_CONVERSION = YES;
				CLANG_WARN_OBJC_ROOT_CLASS = YES_ERROR;
				CLANG_WARN_QUOTED_INCLUDE_IN_FRAMEWORK_HEADER = YES;
				CLANG_WARN_RANGE_LOOP_ANALYSIS = YES;
				CLANG_WARN_STRICT_PROTOTYPES = YES;
				CLANG_WARN_SUSPICIOUS_MOVE = YES;
				CLANG_WARN_UNGUARDED_AVAILABILITY = YES_AGGRESSIVE;
				CLANG_WARN_UNREACHABLE_CODE = YES;
				CLANG_WARN__DUPLICATE_METHOD_MATCH = YES;
				COPY_PHASE_STRIP = NO;
				DEBUG_INFORMATION_FORMAT = "dwarf-with-dsym";
				ENABLE_NS_ASSERTIONS = NO;
				ENABLE_STRICT_OBJC_MSGSEND = YES;
				ENABLE_USER_SCRIPT_SANDBOXING = YES;
				GCC_C_LANGUAGE_STANDARD = gnu17;
				GCC_NO_COMMON_BLOCKS = YES;
				GCC_WARN_64_TO_32_BIT_CONVERSION = YES;
				GCC_WARN_ABOUT_RETURN_TYPE = YES_ERROR;
				GCC_WARN_UNDECLARED_SELECTOR = YES;
				GCC_WARN_UNINITIALIZED_AUTOS = YES_AGGRESSIVE;
				GCC_WARN_UNUSED_FUNCTION = YES;
				GCC_WARN_UNUSED_VARIABLE = YES;
				IPHONEOS_DEPLOYMENT_TARGET = 18.5;
				LOCALIZATION_PREFERS_STRING_CATALOGS = YES;
				MTL_ENABLE_DEBUG_INFO = NO;
				MTL_FAST_MATH = YES;
				SDKROOT = iphoneos;
				SWIFT_COMPILATION_MODE = wholemodule;
				VALIDATE_PRODUCT = YES;
			};
			name = Release;
		};
		06E4E1092E65C28800411562 /* Debug */ = {
			isa = XCBuildConfiguration;
			buildSettings = {
				ASSETCATALOG_COMPILER_APPICON_NAME = AppIcon;
				ASSETCATALOG_COMPILER_GLOBAL_ACCENT_COLOR_NAME = AccentColor;
				CODE_SIGN_STYLE = Automatic;
				CURRENT_PROJECT_VERSION = 1;
				ENABLE_PREVIEWS = YES;
				GENERATE_INFOPLIST_FILE = YES;
				INFOPLIST_KEY_NSMicrophoneUsageDescription = "音声入力のためマイクを使用します。";
				INFOPLIST_KEY_NSSpeechRecognitionUsageDescription = "音声認識でメモを文字起こしするために使用します。";
				INFOPLIST_KEY_UIApplicationSceneManifest_Generation = YES;
				INFOPLIST_KEY_UIApplicationSupportsIndirectInputEvents = YES;
				INFOPLIST_KEY_UILaunchScreen_Generation = YES;
				INFOPLIST_KEY_UISupportedInterfaceOrientations_iPad = "UIInterfaceOrientationPortrait UIInterfaceOrientationPortraitUpsideDown UIInterfaceOrientationLandscapeLeft UIInterfaceOrientationLandscapeRight";
				INFOPLIST_KEY_UISupportedInterfaceOrientations_iPhone = "UIInterfaceOrientationPortrait UIInterfaceOrientationLandscapeLeft UIInterfaceOrientationLandscapeRight";
				LD_RUNPATH_SEARCH_PATHS = (
					"$(inherited)",
					"@executable_path/Frameworks",
				);
				MARKETING_VERSION = 1.0;
				PRODUCT_BUNDLE_IDENTIFIER = hayashikunita.symptomemo;
				PRODUCT_NAME = "$(TARGET_NAME)";
				SWIFT_EMIT_LOC_STRINGS = YES;
				SWIFT_VERSION = 5.0;
				TARGETED_DEVICE_FAMILY = "1,2";
			};
			name = Debug;
		};
		06E4E10A2E65C28800411562 /* Release */ = {
			isa = XCBuildConfiguration;
			buildSettings = {
				ASSETCATALOG_COMPILER_APPICON_NAME = AppIcon;
				ASSETCATALOG_COMPILER_GLOBAL_ACCENT_COLOR_NAME = AccentColor;
				CODE_SIGN_STYLE = Automatic;
				CURRENT_PROJECT_VERSION = 1;
				ENABLE_PREVIEWS = YES;
				GENERATE_INFOPLIST_FILE = YES;
				INFOPLIST_KEY_NSMicrophoneUsageDescription = "音声入力のためマイクを使用します。";
				INFOPLIST_KEY_NSSpeechRecognitionUsageDescription = "音声認識でメモを文字起こしするために使用します。";
				INFOPLIST_KEY_UIApplicationSceneManifest_Generation = YES;
				INFOPLIST_KEY_UIApplicationSupportsIndirectInputEvents = YES;
				INFOPLIST_KEY_UILaunchScreen_Generation = YES;
				INFOPLIST_KEY_UISupportedInterfaceOrientations_iPad = "UIInterfaceOrientationPortrait UIInterfaceOrientationPortraitUpsideDown UIInterfaceOrientationLandscapeLeft UIInterfaceOrientationLandscapeRight";
				INFOPLIST_KEY_UISupportedInterfaceOrientations_iPhone = "UIInterfaceOrientationPortrait UIInterfaceOrientationLandscapeLeft UIInterfaceOrientationLandscapeRight";
				LD_RUNPATH_SEARCH_PATHS = (
					"$(inherited)",
					"@executable_path/Frameworks",
				);
				MARKETING_VERSION = 1.0;
				PRODUCT_BUNDLE_IDENTIFIER = hayashikunita.symptomemo;
				PRODUCT_NAME = "$(TARGET_NAME)";
				SWIFT_EMIT_LOC_STRINGS = YES;
				SWIFT_VERSION = 5.0;
				TARGETED_DEVICE_FAMILY = "1,2";
			};
			name = Release;
		};
		06E4E10C2E65C28800411562 /* Debug */ = {
			isa = XCBuildConfiguration;
			buildSettings = {
				BUNDLE_LOADER = "$(TEST_HOST)";
				CODE_SIGN_STYLE = Automatic;
				CURRENT_PROJECT_VERSION = 1;
				GENERATE_INFOPLIST_FILE = YES;
				IPHONEOS_DEPLOYMENT_TARGET = 18.5;
				MARKETING_VERSION = 1.0;
				PRODUCT_BUNDLE_IDENTIFIER = hayashikunita.symptomemoTests;
				PRODUCT_NAME = "$(TARGET_NAME)";
				SWIFT_EMIT_LOC_STRINGS = NO;
				SWIFT_VERSION = 5.0;
				TARGETED_DEVICE_FAMILY = 1;
				TEST_HOST = "$(BUILT_PRODUCTS_DIR)/symptomemo.app/$(BUNDLE_EXECUTABLE_FOLDER_PATH)/symptomemo";
			};
			name = Debug;
		};
		06E4E10D2E65C28800411562 /* Release */ = {
			isa = XCBuildConfiguration;
			buildSettings = {
				BUNDLE_LOADER = "$(TEST_HOST)";
				CODE_SIGN_STYLE = Automatic;
				CURRENT_PROJECT_VERSION = 1;
				GENERATE_INFOPLIST_FILE = YES;
				IPHONEOS_DEPLOYMENT_TARGET = 18.5;
				MARKETING_VERSION = 1.0;
				PRODUCT_BUNDLE_IDENTIFIER = hayashikunita.symptomemoTests;
				PRODUCT_NAME = "$(TARGET_NAME)";
				SWIFT_EMIT_LOC_STRINGS = NO;
				SWIFT_VERSION = 5.0;
				TARGETED_DEVICE_FAMILY = 1;
				TEST_HOST = "$(BUILT_PRODUCTS_DIR)/symptomemo.app/$(BUNDLE_EXECUTABLE_FOLDER_PATH)/symptomemo";
			};
			name = Release;
		};
		06E4E10F2E65C28800411562 /* Debug */ = {
			isa = XCBuildConfiguration;
			buildSettings = {
				CODE_SIGN_STYLE = Automatic;
				CURRENT_PROJECT_VERSION = 1;
				GENERATE_INFOPLIST_FILE = YES;
				MARKETING_VERSION = 1.0;
				PRODUCT_BUNDLE_IDENTIFIER = hayashikunita.symptomemoUITests;
				PRODUCT_NAME = "$(TARGET_NAME)";
				SWIFT_EMIT_LOC_STRINGS = NO;
				SWIFT_VERSION = 5.0;
				TARGETED_DEVICE_FAMILY = "1,2";
				TEST_TARGET_NAME = symptomemo;
			};
			name = Debug;
		};
		06E4E1102E65C28800411562 /* Release */ = {
			isa = XCBuildConfiguration;
			buildSettings = {
				CODE_SIGN_STYLE = Automatic;
				CURRENT_PROJECT_VERSION = 1;
				GENERATE_INFOPLIST_FILE = YES;
				MARKETING_VERSION = 1.0;
				PRODUCT_BUNDLE_IDENTIFIER = hayashikunita.symptomemoUITests;
				PRODUCT_NAME = "$(TARGET_NAME)";
				SWIFT_EMIT_LOC_STRINGS = NO;
				SWIFT_VERSION = 5.0;
				TARGETED_DEVICE_FAMILY = "1,2";
				TEST_TARGET_NAME = symptomemo;
			};
			name = Release;
		};
/* End XCBuildConfiguration section */

/* Begin XCConfigurationList section */
		06E4E0E22E65C28500411562 /* Build configuration list for PBXProject "symptomemo" */ = {
			isa = XCConfigurationList;
			buildConfigurations = (
				06E4E1062E65C28800411562 /* Debug */,
				06E4E1072E65C28800411562 /* Release */,
			);
			defaultConfigurationIsVisible = 0;
			defaultConfigurationName = Release;
		};
		06E4E1082E65C28800411562 /* Build configuration list for PBXNativeTarget "symptomemo" */ = {
			isa = XCConfigurationList;
			buildConfigurations = (
				06E4E1092E65C28800411562 /* Debug */,
				06E4E10A2E65C28800411562 /* Release */,
			);
			defaultConfigurationIsVisible = 0;
			defaultConfigurationName = Release;
		};
		06E4E10B2E65C28800411562 /* Build configuration list for PBXNativeTarget "symptomemoTests" */ = {
			isa = XCConfigurationList;
			buildConfigurations = (
				06E4E10C2E65C28800411562 /* Debug */,
				06E4E10D2E65C28800411562 /* Release */,
			);
			defaultConfigurationIsVisible = 0;
			defaultConfigurationName = Release;
		};
		06E4E10E2E65C28800411562 /* Build configuration list for PBXNativeTarget "symptomemoUITests" */ = {
			isa = XCConfigurationList;
			buildConfigurations = (
				06E4E10F2E65C28800411562 /* Debug */,
				06E4E1102E65C28800411562 /* Release */,
			);
			defaultConfigurationIsVisible = 0;
			defaultConfigurationName = Release;
		};
/* End XCConfigurationList section */
	};
	rootObject = 06E4E0DF2E65C28500411562 /* Project object */;
}
